
Microsoft Visual Studio Solution File, Format Version 12.00
# Visual Studio Version 17
VisualStudioVersion = 17.3.32901.215
MinimumVisualStudioVersion = 10.0.40219.1
Project("{FAE04EC0-301F-11D3-BF4B-00C04F79EFBC}") = "UnitTestApp", "UnitTestApp\UnitTestApp.csproj", "{E2CA3E15-97D1-41A6-9107-65F80B8E89A4}"
EndProject
Project("{FAE04EC0-301F-11D3-BF4B-00C04F79EFBC}") = "UnitTestApp.Tests", "UnitTestApp.Tests\UnitTestApp.Tests.csproj", "{DE97D33A-3F58-4097-A380-A572AC70FB75}"
EndProject
Global
	GlobalSection(SolutionConfigurationPlatforms) = preSolution
		Debug|Any CPU = Debug|Any CPU
		Release|Any CPU = Release|Any CPU
	EndGlobalSection
	GlobalSection(ProjectConfigurationPlatforms) = postSolution
		{E2CA3E15-97D1-41A6-9107-65F80B8E89A4}.Debug|Any CPU.ActiveCfg = Debug|Any CPU
		{E2CA3E15-97D1-41A6-9107-65F80B8E89A4}.Debug|Any CPU.Build.0 = Debug|Any CPU
		{E2CA3E15-97D1-41A6-9107-65F80B8E89A4}.Release|Any CPU.ActiveCfg = Release|Any CPU
		{E2CA3E15-97D1-41A6-9107-65F80B8E89A4}.Release|Any CPU.Build.0 = Release|Any CPU
		{DE97D33A-3F58-4097-A380-A572AC70FB75}.Debug|Any CPU.ActiveCfg = Debug|Any CPU
		{DE97D33A-3F58-4097-A380-A572AC70FB75}.Debug|Any CPU.Build.0 = Debug|Any CPU
		{DE97D33A-3F58-4097-A380-A572AC70FB75}.Release|Any CPU.ActiveCfg = Release|Any CPU
		{DE97D33A-3F58-4097-A380-A572AC70FB75}.Release|Any CPU.Build.0 = Release|Any CPU
	EndGlobalSection
	GlobalSection(SolutionProperties) = preSolution
		HideSolutionNode = FALSE
	EndGlobalSection
	GlobalSection(ExtensibilityGlobals) = postSolution
		SolutionGuid = {BF99B26F-9D1F-4817-80A3-20BEE39F1548}
	EndGlobalSection
EndGlobal
