
Microsoft Visual Studio Solution File, Format Version 12.00
# Visual Studio Version 17
VisualStudioVersion = 17.0.31912.275
MinimumVisualStudioVersion = 10.0.40219.1
Project("{FAE04EC0-301F-11D3-BF4B-00C04F79EFBC}") = "ConsoleApp1", "ConsoleApp1\ConsoleApp1.csproj", "{49271742-5716-48A1-BF47-37EC37409CFF}"
EndProject
Global
	GlobalSection(SolutionConfigurationPlatforms) = preSolution
		Debug|Any CPU = Debug|Any CPU
		Release|Any CPU = Release|Any CPU
	EndGlobalSection
	GlobalSection(ProjectConfigurationPlatforms) = postSolution
		{49271742-5716-48A1-BF47-37EC37409CFF}.Debug|Any CPU.ActiveCfg = Debug|Any CPU
		{49271742-5716-48A1-BF47-37EC37409CFF}.Debug|Any CPU.Build.0 = Debug|Any CPU
		{49271742-5716-48A1-BF47-37EC37409CFF}.Release|Any CPU.ActiveCfg = Release|Any CPU
		{49271742-5716-48A1-BF47-37EC37409CFF}.Release|Any CPU.Build.0 = Release|Any CPU
	EndGlobalSection
	GlobalSection(SolutionProperties) = preSolution
		HideSolutionNode = FALSE
	EndGlobalSection
	GlobalSection(ExtensibilityGlobals) = postSolution
		SolutionGuid = {AD54AF45-880F-4224-AD30-43590A8729EF}
	EndGlobalSection
EndGlobal
